
Microsoft Visual Studio Solution File, Format Version 12.00
# Visual Studio Version 17
VisualStudioVersion = 17.6.33801.468
MinimumVisualStudioVersion = 10.0.40219.1
Project("{8BC9CEB8-8B4A-11D0-8D11-00A0C91BC942}") = "DrogonServer", "DrogonServer\DrogonServer.vcxproj", "{92036431-7D09-4283-80CF-378BAD6C7E37}"
EndProject
Project("{8BC9CEB8-8B4A-11D0-8D11-00A0C91BC942}") = "Infrastructure", "Infrastructure\Infrastructure.vcxproj", "{B65BE107-58BE-43DD-8244-CCB27F0B6DCB}"
EndProject
Project("{8BC9CEB8-8B4A-11D0-8D11-00A0C91BC942}") = "Application", "Application\Application.vcxproj", "{15924752-B77C-4B82-B80C-22CC6AF3175D}"
EndProject
Project("{8BC9CEB8-8B4A-11D0-8D11-00A0C91BC942}") = "Domain", "Domain\Domain.vcxproj", "{63024791-E272-4ACF-BF1C-569121AC388D}"
EndProject
Project("{2150E333-8FDC-42A3-9474-1A3956D46DE8}") = "Solution Items", "Solution Items", "{F4571882-B190-44FD-A3E5-03C470BB0F27}"
	ProjectSection(SolutionItems) = preProject
		.gitattributes = .gitattributes
		.gitignore = .gitignore
		.gitmodules = .gitmodules
		auto_compile_proto.bat = auto_compile_proto.bat
		.github\workflows\msbuild.yml = .github\workflows\msbuild.yml
		README.md = README.md
		vcpkg.json = vcpkg.json
	EndProjectSection
EndProject
Project("{8BC9CEB8-8B4A-11D0-8D11-00A0C91BC942}") = "gRPCServer", "gRPCServer\gRPCServer.vcxproj", "{67113C51-0DB6-4F1C-8E7C-1FEC596FF973}"
EndProject
Project("{8BC9CEB8-8B4A-11D0-8D11-00A0C91BC942}") = "WebSocketServer", "WebSocketServer\WebSocketServer.vcxproj", "{14ED071D-FB3D-4324-BFA6-83F95086C52E}"
EndProject
Project("{54A90642-561A-4BB1-A94E-469ADEE60C69}") = "chatclient", "ClientSolution\ChatClient\chatclient.esproj", "{1518D18E-F107-4220-BA32-7445651EC415}"
EndProject
Project("{2150E333-8FDC-42A3-9474-1A3956D46DE8}") = "Client Solution", "Client Solution", "{873F4433-019A-4194-860F-E9C07F952262}"
EndProject
Project("{54A90642-561A-4BB1-A94E-469ADEE60C69}") = "ExpressCDN", "ClientSolution\ExpressCDN\ExpressCDN.esproj", "{E7D963FD-E8C8-474D-A919-8FC10EA659FD}"
EndProject
Project("{2150E333-8FDC-42A3-9474-1A3956D46DE8}") = "Backend Solution", "Backend Solution", "{B043195F-1D0E-4BA2-BDFB-1D674C6FF60D}"
EndProject
Global
	GlobalSection(SolutionConfigurationPlatforms) = preSolution
		Debug|Any CPU = Debug|Any CPU
		Debug|x64 = Debug|x64
		Debug|x86 = Debug|x86
		Release|Any CPU = Release|Any CPU
		Release|x64 = Release|x64
		Release|x86 = Release|x86
	EndGlobalSection
	GlobalSection(ProjectConfigurationPlatforms) = postSolution
		{92036431-7D09-4283-80CF-378BAD6C7E37}.Debug|Any CPU.ActiveCfg = Debug|x64
		{92036431-7D09-4283-80CF-378BAD6C7E37}.Debug|Any CPU.Build.0 = Debug|x64
		{92036431-7D09-4283-80CF-378BAD6C7E37}.Debug|x64.ActiveCfg = Debug|x64
		{92036431-7D09-4283-80CF-378BAD6C7E37}.Debug|x64.Build.0 = Debug|x64
		{92036431-7D09-4283-80CF-378BAD6C7E37}.Debug|x86.ActiveCfg = Debug|Win32
		{92036431-7D09-4283-80CF-378BAD6C7E37}.Debug|x86.Build.0 = Debug|Win32
		{92036431-7D09-4283-80CF-378BAD6C7E37}.Release|Any CPU.ActiveCfg = Release|x64
		{92036431-7D09-4283-80CF-378BAD6C7E37}.Release|Any CPU.Build.0 = Release|x64
		{92036431-7D09-4283-80CF-378BAD6C7E37}.Release|x64.ActiveCfg = Release|x64
		{92036431-7D09-4283-80CF-378BAD6C7E37}.Release|x64.Build.0 = Release|x64
		{92036431-7D09-4283-80CF-378BAD6C7E37}.Release|x86.ActiveCfg = Release|Win32
		{92036431-7D09-4283-80CF-378BAD6C7E37}.Release|x86.Build.0 = Release|Win32
		{B65BE107-58BE-43DD-8244-CCB27F0B6DCB}.Debug|Any CPU.ActiveCfg = Debug|x64
		{B65BE107-58BE-43DD-8244-CCB27F0B6DCB}.Debug|Any CPU.Build.0 = Debug|x64
		{B65BE107-58BE-43DD-8244-CCB27F0B6DCB}.Debug|x64.ActiveCfg = Debug|x64
		{B65BE107-58BE-43DD-8244-CCB27F0B6DCB}.Debug|x64.Build.0 = Debug|x64
		{B65BE107-58BE-43DD-8244-CCB27F0B6DCB}.Debug|x86.ActiveCfg = Debug|Win32
		{B65BE107-58BE-43DD-8244-CCB27F0B6DCB}.Debug|x86.Build.0 = Debug|Win32
		{B65BE107-58BE-43DD-8244-CCB27F0B6DCB}.Release|Any CPU.ActiveCfg = Release|x64
		{B65BE107-58BE-43DD-8244-CCB27F0B6DCB}.Release|Any CPU.Build.0 = Release|x64
		{B65BE107-58BE-43DD-8244-CCB27F0B6DCB}.Release|x64.ActiveCfg = Release|x64
		{B65BE107-58BE-43DD-8244-CCB27F0B6DCB}.Release|x64.Build.0 = Release|x64
		{B65BE107-58BE-43DD-8244-CCB27F0B6DCB}.Release|x86.ActiveCfg = Release|Win32
		{B65BE107-58BE-43DD-8244-CCB27F0B6DCB}.Release|x86.Build.0 = Release|Win32
		{15924752-B77C-4B82-B80C-22CC6AF3175D}.Debug|Any CPU.ActiveCfg = Debug|x64
		{15924752-B77C-4B82-B80C-22CC6AF3175D}.Debug|Any CPU.Build.0 = Debug|x64
		{15924752-B77C-4B82-B80C-22CC6AF3175D}.Debug|x64.ActiveCfg = Debug|x64
		{15924752-B77C-4B82-B80C-22CC6AF3175D}.Debug|x64.Build.0 = Debug|x64
		{15924752-B77C-4B82-B80C-22CC6AF3175D}.Debug|x86.ActiveCfg = Debug|Win32
		{15924752-B77C-4B82-B80C-22CC6AF3175D}.Debug|x86.Build.0 = Debug|Win32
		{15924752-B77C-4B82-B80C-22CC6AF3175D}.Release|Any CPU.ActiveCfg = Release|x64
		{15924752-B77C-4B82-B80C-22CC6AF3175D}.Release|Any CPU.Build.0 = Release|x64
		{15924752-B77C-4B82-B80C-22CC6AF3175D}.Release|x64.ActiveCfg = Release|x64
		{15924752-B77C-4B82-B80C-22CC6AF3175D}.Release|x64.Build.0 = Release|x64
		{15924752-B77C-4B82-B80C-22CC6AF3175D}.Release|x86.ActiveCfg = Release|Win32
		{15924752-B77C-4B82-B80C-22CC6AF3175D}.Release|x86.Build.0 = Release|Win32
		{63024791-E272-4ACF-BF1C-569121AC388D}.Debug|Any CPU.ActiveCfg = Debug|x64
		{63024791-E272-4ACF-BF1C-569121AC388D}.Debug|Any CPU.Build.0 = Debug|x64
		{63024791-E272-4ACF-BF1C-569121AC388D}.Debug|x64.ActiveCfg = Debug|x64
		{63024791-E272-4ACF-BF1C-569121AC388D}.Debug|x64.Build.0 = Debug|x64
		{63024791-E272-4ACF-BF1C-569121AC388D}.Debug|x86.ActiveCfg = Debug|Win32
		{63024791-E272-4ACF-BF1C-569121AC388D}.Debug|x86.Build.0 = Debug|Win32
		{63024791-E272-4ACF-BF1C-569121AC388D}.Release|Any CPU.ActiveCfg = Release|x64
		{63024791-E272-4ACF-BF1C-569121AC388D}.Release|Any CPU.Build.0 = Release|x64
		{63024791-E272-4ACF-BF1C-569121AC388D}.Release|x64.ActiveCfg = Release|x64
		{63024791-E272-4ACF-BF1C-569121AC388D}.Release|x64.Build.0 = Release|x64
		{63024791-E272-4ACF-BF1C-569121AC388D}.Release|x86.ActiveCfg = Release|Win32
		{63024791-E272-4ACF-BF1C-569121AC388D}.Release|x86.Build.0 = Release|Win32
		{67113C51-0DB6-4F1C-8E7C-1FEC596FF973}.Debug|Any CPU.ActiveCfg = Debug|x64
		{67113C51-0DB6-4F1C-8E7C-1FEC596FF973}.Debug|Any CPU.Build.0 = Debug|x64
		{67113C51-0DB6-4F1C-8E7C-1FEC596FF973}.Debug|x64.ActiveCfg = Debug|x64
		{67113C51-0DB6-4F1C-8E7C-1FEC596FF973}.Debug|x64.Build.0 = Debug|x64
		{67113C51-0DB6-4F1C-8E7C-1FEC596FF973}.Debug|x86.ActiveCfg = Debug|Win32
		{67113C51-0DB6-4F1C-8E7C-1FEC596FF973}.Debug|x86.Build.0 = Debug|Win32
		{67113C51-0DB6-4F1C-8E7C-1FEC596FF973}.Release|Any CPU.ActiveCfg = Release|x64
		{67113C51-0DB6-4F1C-8E7C-1FEC596FF973}.Release|Any CPU.Build.0 = Release|x64
		{67113C51-0DB6-4F1C-8E7C-1FEC596FF973}.Release|x64.ActiveCfg = Release|x64
		{67113C51-0DB6-4F1C-8E7C-1FEC596FF973}.Release|x64.Build.0 = Release|x64
		{67113C51-0DB6-4F1C-8E7C-1FEC596FF973}.Release|x86.ActiveCfg = Release|Win32
		{67113C51-0DB6-4F1C-8E7C-1FEC596FF973}.Release|x86.Build.0 = Release|Win32
		{14ED071D-FB3D-4324-BFA6-83F95086C52E}.Debug|Any CPU.ActiveCfg = Debug|x64
		{14ED071D-FB3D-4324-BFA6-83F95086C52E}.Debug|Any CPU.Build.0 = Debug|x64
		{14ED071D-FB3D-4324-BFA6-83F95086C52E}.Debug|x64.ActiveCfg = Debug|x64
		{14ED071D-FB3D-4324-BFA6-83F95086C52E}.Debug|x64.Build.0 = Debug|x64
		{14ED071D-FB3D-4324-BFA6-83F95086C52E}.Debug|x86.ActiveCfg = Debug|Win32
		{14ED071D-FB3D-4324-BFA6-83F95086C52E}.Debug|x86.Build.0 = Debug|Win32
		{14ED071D-FB3D-4324-BFA6-83F95086C52E}.Release|Any CPU.ActiveCfg = Release|x64
		{14ED071D-FB3D-4324-BFA6-83F95086C52E}.Release|Any CPU.Build.0 = Release|x64
		{14ED071D-FB3D-4324-BFA6-83F95086C52E}.Release|x64.ActiveCfg = Release|x64
		{14ED071D-FB3D-4324-BFA6-83F95086C52E}.Release|x64.Build.0 = Release|x64
		{14ED071D-FB3D-4324-BFA6-83F95086C52E}.Release|x86.ActiveCfg = Release|Win32
		{14ED071D-FB3D-4324-BFA6-83F95086C52E}.Release|x86.Build.0 = Release|Win32
		{1518D18E-F107-4220-BA32-7445651EC415}.Debug|Any CPU.ActiveCfg = Debug|Any CPU
		{1518D18E-F107-4220-BA32-7445651EC415}.Debug|Any CPU.Build.0 = Debug|Any CPU
		{1518D18E-F107-4220-BA32-7445651EC415}.Debug|Any CPU.Deploy.0 = Debug|Any CPU
		{1518D18E-F107-4220-BA32-7445651EC415}.Debug|x64.ActiveCfg = Debug|Any CPU
		{1518D18E-F107-4220-BA32-7445651EC415}.Debug|x64.Build.0 = Debug|Any CPU
		{1518D18E-F107-4220-BA32-7445651EC415}.Debug|x64.Deploy.0 = Debug|Any CPU
		{1518D18E-F107-4220-BA32-7445651EC415}.Debug|x86.ActiveCfg = Debug|Any CPU
		{1518D18E-F107-4220-BA32-7445651EC415}.Debug|x86.Build.0 = Debug|Any CPU
		{1518D18E-F107-4220-BA32-7445651EC415}.Debug|x86.Deploy.0 = Debug|Any CPU
		{1518D18E-F107-4220-BA32-7445651EC415}.Release|Any CPU.ActiveCfg = Release|Any CPU
		{1518D18E-F107-4220-BA32-7445651EC415}.Release|Any CPU.Build.0 = Release|Any CPU
		{1518D18E-F107-4220-BA32-7445651EC415}.Release|Any CPU.Deploy.0 = Release|Any CPU
		{1518D18E-F107-4220-BA32-7445651EC415}.Release|x64.ActiveCfg = Release|Any CPU
		{1518D18E-F107-4220-BA32-7445651EC415}.Release|x64.Build.0 = Release|Any CPU
		{1518D18E-F107-4220-BA32-7445651EC415}.Release|x64.Deploy.0 = Release|Any CPU
		{1518D18E-F107-4220-BA32-7445651EC415}.Release|x86.ActiveCfg = Release|Any CPU
		{1518D18E-F107-4220-BA32-7445651EC415}.Release|x86.Build.0 = Release|Any CPU
		{1518D18E-F107-4220-BA32-7445651EC415}.Release|x86.Deploy.0 = Release|Any CPU
		{E7D963FD-E8C8-474D-A919-8FC10EA659FD}.Debug|Any CPU.ActiveCfg = Debug|Any CPU
		{E7D963FD-E8C8-474D-A919-8FC10EA659FD}.Debug|Any CPU.Build.0 = Debug|Any CPU
		{E7D963FD-E8C8-474D-A919-8FC10EA659FD}.Debug|Any CPU.Deploy.0 = Debug|Any CPU
		{E7D963FD-E8C8-474D-A919-8FC10EA659FD}.Debug|x64.ActiveCfg = Debug|Any CPU
		{E7D963FD-E8C8-474D-A919-8FC10EA659FD}.Debug|x64.Build.0 = Debug|Any CPU
		{E7D963FD-E8C8-474D-A919-8FC10EA659FD}.Debug|x64.Deploy.0 = Debug|Any CPU
		{E7D963FD-E8C8-474D-A919-8FC10EA659FD}.Debug|x86.ActiveCfg = Debug|Any CPU
		{E7D963FD-E8C8-474D-A919-8FC10EA659FD}.Debug|x86.Build.0 = Debug|Any CPU
		{E7D963FD-E8C8-474D-A919-8FC10EA659FD}.Debug|x86.Deploy.0 = Debug|Any CPU
		{E7D963FD-E8C8-474D-A919-8FC10EA659FD}.Release|Any CPU.ActiveCfg = Release|Any CPU
		{E7D963FD-E8C8-474D-A919-8FC10EA659FD}.Release|Any CPU.Build.0 = Release|Any CPU
		{E7D963FD-E8C8-474D-A919-8FC10EA659FD}.Release|Any CPU.Deploy.0 = Release|Any CPU
		{E7D963FD-E8C8-474D-A919-8FC10EA659FD}.Release|x64.ActiveCfg = Release|Any CPU
		{E7D963FD-E8C8-474D-A919-8FC10EA659FD}.Release|x64.Build.0 = Release|Any CPU
		{E7D963FD-E8C8-474D-A919-8FC10EA659FD}.Release|x64.Deploy.0 = Release|Any CPU
		{E7D963FD-E8C8-474D-A919-8FC10EA659FD}.Release|x86.ActiveCfg = Release|Any CPU
		{E7D963FD-E8C8-474D-A919-8FC10EA659FD}.Release|x86.Build.0 = Release|Any CPU
		{E7D963FD-E8C8-474D-A919-8FC10EA659FD}.Release|x86.Deploy.0 = Release|Any CPU
	EndGlobalSection
	GlobalSection(SolutionProperties) = preSolution
		HideSolutionNode = FALSE
	EndGlobalSection
	GlobalSection(NestedProjects) = preSolution
		{92036431-7D09-4283-80CF-378BAD6C7E37} = {B043195F-1D0E-4BA2-BDFB-1D674C6FF60D}
		{B65BE107-58BE-43DD-8244-CCB27F0B6DCB} = {B043195F-1D0E-4BA2-BDFB-1D674C6FF60D}
		{15924752-B77C-4B82-B80C-22CC6AF3175D} = {B043195F-1D0E-4BA2-BDFB-1D674C6FF60D}
		{63024791-E272-4ACF-BF1C-569121AC388D} = {B043195F-1D0E-4BA2-BDFB-1D674C6FF60D}
		{67113C51-0DB6-4F1C-8E7C-1FEC596FF973} = {B043195F-1D0E-4BA2-BDFB-1D674C6FF60D}
		{14ED071D-FB3D-4324-BFA6-83F95086C52E} = {B043195F-1D0E-4BA2-BDFB-1D674C6FF60D}
		{1518D18E-F107-4220-BA32-7445651EC415} = {873F4433-019A-4194-860F-E9C07F952262}
		{E7D963FD-E8C8-474D-A919-8FC10EA659FD} = {873F4433-019A-4194-860F-E9C07F952262}
	EndGlobalSection
	GlobalSection(ExtensibilityGlobals) = postSolution
		SolutionGuid = {FB62277A-23AB-44D4-935D-06F536975588}
	EndGlobalSection
EndGlobal
