<?xml version="1.0" encoding="utf-8"?>
<Project ToolsVersion="4.0" xmlns="http://schemas.microsoft.com/developer/msbuild/2003">
  <ItemGroup>
    <Filter Include="Source Files">
      <UniqueIdentifier>{4FC737F1-C7A5-4376-A066-2A32D752A2FF}</UniqueIdentifier>
      <Extensions>cpp;c;cc;cxx;c++;cppm;ixx;def;odl;idl;hpj;bat;asm;asmx</Extensions>
    </Filter>
    <Filter Include="Header Files">
      <UniqueIdentifier>{93995380-89BD-4b04-88EB-625FBE52EBFB}</UniqueIdentifier>
      <Extensions>h;hh;hpp;hxx;h++;hm;inl;inc;ipp;xsd</Extensions>
    </Filter>
    <Filter Include="Resource Files">
      <UniqueIdentifier>{67DA6AB6-F800-4c08-8B7A-83BB121AAD01}</UniqueIdentifier>
      <Extensions>rc;ico;cur;bmp;dlg;rc2;rct;bin;rgs;gif;jpg;jpeg;jpe;resx;tiff;tif;png;wav;mfcribbon-ms</Extensions>
    </Filter>
    <Filter Include="Source Files\Controller">
      <UniqueIdentifier>{1de400fc-4168-4c0f-b3ec-71be5af0fd72}</UniqueIdentifier>
    </Filter>
    <Filter Include="Header Files\Controller">
      <UniqueIdentifier>{6962d7c3-a297-4cd0-bf53-1942c549ccfb}</UniqueIdentifier>
    </Filter>
    <Filter Include="Header Files\Middleware">
      <UniqueIdentifier>{72ada706-9c0d-42a6-8ce9-94d6cbb21372}</UniqueIdentifier>
    </Filter>
    <Filter Include="Source Files\Middleware">
      <UniqueIdentifier>{8e853bbe-43ff-4794-9213-dd1008b39da6}</UniqueIdentifier>
    </Filter>
    <Filter Include="Header Files\Common">
      <UniqueIdentifier>{20089e9b-fb3d-4548-b948-454a306ca059}</UniqueIdentifier>
    </Filter>
    <Filter Include="Model">
      <UniqueIdentifier>{21b8a725-3bfe-4229-8bd1-5aa10f5320d7}</UniqueIdentifier>
    </Filter>
  </ItemGroup>
  <ItemGroup>
    <ClCompile Include="main.cpp">
      <Filter>Source Files</Filter>
    </ClCompile>
    <ClCompile Include="controller\IndexController.cc">
      <Filter>Source Files\Controller</Filter>
    </ClCompile>
    <ClCompile Include="controller\AuthController.cpp">
      <Filter>Source Files\Controller</Filter>
    </ClCompile>
    <ClCompile Include="Authorization.cpp">
      <Filter>Source Files\Middleware</Filter>
    </ClCompile>
    <ClCompile Include="TodoListController.cpp">
      <Filter>Source Files\Controller</Filter>
    </ClCompile>
    <ClCompile Include="TodoItemController.cpp">
      <Filter>Source Files\Controller</Filter>
    </ClCompile>
  </ItemGroup>
  <ItemGroup>
    <ClInclude Include="controller\IndexController.h">
      <Filter>Header Files\Controller</Filter>
    </ClInclude>
    <ClInclude Include="controller\AuthController.h">
      <Filter>Header Files\Controller</Filter>
    </ClInclude>
    <ClInclude Include="Authorization.h">
      <Filter>Header Files\Middleware</Filter>
    </ClInclude>
    <ClInclude Include="TodoListController.h">
      <Filter>Header Files\Controller</Filter>
    </ClInclude>
    <ClInclude Include="TodoItemController.h">
      <Filter>Header Files\Controller</Filter>
    </ClInclude>
    <ClInclude Include="Macros.h">
      <Filter>Header Files\Common</Filter>
    </ClInclude>
    <ClInclude Include="ModelBinding.h">
      <Filter>Header Files\Common</Filter>
    </ClInclude>
  </ItemGroup>
  <ItemGroup>
    <CopyFileToFolders Include="certificate.crt" />
    <CopyFileToFolders Include="config.ini" />
    <CopyFileToFolders Include="private.key" />
    <CopyFileToFolders Include="private_key.pem" />
    <CopyFileToFolders Include="public_key.pem" />
  </ItemGroup>
</Project>