<?xml version="1.0" encoding="utf-8"?>
<Project ToolsVersion="4.0" xmlns="http://schemas.microsoft.com/developer/msbuild/2003">
  <ItemGroup>
    <Filter Include="Source Files">
      <UniqueIdentifier>{4FC737F1-C7A5-4376-A066-2A32D752A2FF}</UniqueIdentifier>
      <Extensions>cpp;c;cc;cxx;c++;cppm;ixx;def;odl;idl;hpj;bat;asm;asmx</Extensions>
    </Filter>
    <Filter Include="Header Files">
      <UniqueIdentifier>{93995380-89BD-4b04-88EB-625FBE52EBFB}</UniqueIdentifier>
      <Extensions>h;hh;hpp;hxx;h++;hm;inl;inc;ipp;xsd</Extensions>
    </Filter>
    <Filter Include="Resource Files">
      <UniqueIdentifier>{67DA6AB6-F800-4c08-8B7A-83BB121AAD01}</UniqueIdentifier>
      <Extensions>rc;ico;cur;bmp;dlg;rc2;rct;bin;rgs;gif;jpg;jpeg;jpe;resx;tiff;tif;png;wav;mfcribbon-ms</Extensions>
    </Filter>
    <Filter Include="Source Files\Controller">
      <UniqueIdentifier>{1de400fc-4168-4c0f-b3ec-71be5af0fd72}</UniqueIdentifier>
    </Filter>
    <Filter Include="Header Files\Controller">
      <UniqueIdentifier>{6962d7c3-a297-4cd0-bf53-1942c549ccfb}</UniqueIdentifier>
    </Filter>
    <Filter Include="Header Files\Middleware">
      <UniqueIdentifier>{72ada706-9c0d-42a6-8ce9-94d6cbb21372}</UniqueIdentifier>
    </Filter>
    <Filter Include="Source Files\Middleware">
      <UniqueIdentifier>{8e853bbe-43ff-4794-9213-dd1008b39da6}</UniqueIdentifier>
    </Filter>
    <Filter Include="Header Files\Common">
      <UniqueIdentifier>{20089e9b-fb3d-4548-b948-454a306ca059}</UniqueIdentifier>
    </Filter>
    <Filter Include="Swagger">
      <UniqueIdentifier>{b33b3f4f-c2c4-4ca3-99c1-11588c38590d}</UniqueIdentifier>
    </Filter>
    <Filter Include="Resource Files\Public">
      <UniqueIdentifier>{5c2d532a-9806-4c53-9f85-fe3ce05d554a}</UniqueIdentifier>
    </Filter>
    <Filter Include="Resource Files\Public\css">
      <UniqueIdentifier>{e2c97cd4-671b-45fa-99c3-9e78ab2a4de7}</UniqueIdentifier>
    </Filter>
    <Filter Include="Resource Files\Public\images">
      <UniqueIdentifier>{7cd492a1-bc0c-4595-96e4-d26a16eb66f4}</UniqueIdentifier>
    </Filter>
    <Filter Include="Resource Files\Public\js">
      <UniqueIdentifier>{79ad2816-02fa-4735-8d65-ce80f53f3bca}</UniqueIdentifier>
    </Filter>
    <Filter Include="Resource Files\Config">
      <UniqueIdentifier>{1ddf5389-1d2b-485d-8e09-0965bd33cb29}</UniqueIdentifier>
    </Filter>
  </ItemGroup>
  <ItemGroup>
    <ClCompile Include="main.cpp">
      <Filter>Source Files</Filter>
    </ClCompile>
    <ClCompile Include="Authorization.cpp">
      <Filter>Source Files\Middleware</Filter>
    </ClCompile>
    <ClCompile Include="TodoListController.cpp">
      <Filter>Source Files\Controller</Filter>
    </ClCompile>
    <ClCompile Include="TodoItemController.cpp">
      <Filter>Source Files\Controller</Filter>
    </ClCompile>
    <ClCompile Include="SwaggerSpec.cpp">
      <Filter>Source Files\Controller</Filter>
    </ClCompile>
    <ClCompile Include="AuthController.cpp">
      <Filter>Source Files\Controller</Filter>
    </ClCompile>
    <ClCompile Include="UserController.cpp">
      <Filter>Source Files\Controller</Filter>
    </ClCompile>
  </ItemGroup>
  <ItemGroup>
    <ClInclude Include="Authorization.h">
      <Filter>Header Files\Middleware</Filter>
    </ClInclude>
    <ClInclude Include="TodoListController.h">
      <Filter>Header Files\Controller</Filter>
    </ClInclude>
    <ClInclude Include="TodoItemController.h">
      <Filter>Header Files\Controller</Filter>
    </ClInclude>
    <ClInclude Include="Macros.h">
      <Filter>Header Files\Common</Filter>
    </ClInclude>
    <ClInclude Include="ModelBinding.h">
      <Filter>Header Files\Common</Filter>
    </ClInclude>
    <ClInclude Include="SwaggerSpec.h">
      <Filter>Header Files\Controller</Filter>
    </ClInclude>
    <ClInclude Include="AuthController.h">
      <Filter>Header Files\Controller</Filter>
    </ClInclude>
    <ClInclude Include="UserController.h">
      <Filter>Header Files\Controller</Filter>
    </ClInclude>
  </ItemGroup>
  <ItemGroup>
    <CopyFileToFolders Include="swagger\index.css">
      <Filter>Swagger</Filter>
    </CopyFileToFolders>
    <CopyFileToFolders Include="swagger\index.html">
      <Filter>Swagger</Filter>
    </CopyFileToFolders>
    <CopyFileToFolders Include="swagger\oauth2-redirect.html">
      <Filter>Swagger</Filter>
    </CopyFileToFolders>
    <CopyFileToFolders Include="swagger\swagger-initializer.js">
      <Filter>Swagger</Filter>
    </CopyFileToFolders>
    <CopyFileToFolders Include="swagger\swagger-ui.css">
      <Filter>Swagger</Filter>
    </CopyFileToFolders>
    <CopyFileToFolders Include="swagger\swagger-ui.css.map">
      <Filter>Swagger</Filter>
    </CopyFileToFolders>
    <CopyFileToFolders Include="swagger\swagger-ui.js">
      <Filter>Swagger</Filter>
    </CopyFileToFolders>
    <CopyFileToFolders Include="swagger\swagger-ui.js.map">
      <Filter>Swagger</Filter>
    </CopyFileToFolders>
    <CopyFileToFolders Include="swagger\swagger-ui-bundle.js">
      <Filter>Swagger</Filter>
    </CopyFileToFolders>
    <CopyFileToFolders Include="swagger\swagger-ui-bundle.js.map">
      <Filter>Swagger</Filter>
    </CopyFileToFolders>
    <CopyFileToFolders Include="swagger\swagger-ui-es-bundle.js">
      <Filter>Swagger</Filter>
    </CopyFileToFolders>
    <CopyFileToFolders Include="swagger\swagger-ui-es-bundle.js.map">
      <Filter>Swagger</Filter>
    </CopyFileToFolders>
    <CopyFileToFolders Include="swagger\swagger-ui-es-bundle-core.js">
      <Filter>Swagger</Filter>
    </CopyFileToFolders>
    <CopyFileToFolders Include="swagger\swagger-ui-es-bundle-core.js.map">
      <Filter>Swagger</Filter>
    </CopyFileToFolders>
    <CopyFileToFolders Include="swagger\swagger-ui-standalone-preset.js">
      <Filter>Swagger</Filter>
    </CopyFileToFolders>
    <CopyFileToFolders Include="swagger\swagger-ui-standalone-preset.js.map">
      <Filter>Swagger</Filter>
    </CopyFileToFolders>
    <CopyFileToFolders Include="swagger\openapi.json">
      <Filter>Swagger</Filter>
    </CopyFileToFolders>
    <CopyFileToFolders Include="public\css\404.css">
      <Filter>Resource Files\Public\css</Filter>
    </CopyFileToFolders>
    <CopyFileToFolders Include="public\images\astronaut.svg">
      <Filter>Resource Files\Public\images</Filter>
    </CopyFileToFolders>
    <CopyFileToFolders Include="public\images\planet.svg">
      <Filter>Resource Files\Public\images</Filter>
    </CopyFileToFolders>
    <CopyFileToFolders Include="public\js\404.js">
      <Filter>Resource Files\Public\js</Filter>
    </CopyFileToFolders>
    <CopyFileToFolders Include="public\404.html">
      <Filter>Resource Files\Public</Filter>
    </CopyFileToFolders>
    <CopyFileToFolders Include="certificate.crt">
      <Filter>Resource Files\Config</Filter>
    </CopyFileToFolders>
    <CopyFileToFolders Include="config.ini">
      <Filter>Resource Files\Config</Filter>
    </CopyFileToFolders>
    <CopyFileToFolders Include="private.key">
      <Filter>Resource Files\Config</Filter>
    </CopyFileToFolders>
    <CopyFileToFolders Include="private_key.pem">
      <Filter>Resource Files\Config</Filter>
    </CopyFileToFolders>
    <CopyFileToFolders Include="public_key.pem">
      <Filter>Resource Files\Config</Filter>
    </CopyFileToFolders>
  </ItemGroup>
  <ItemGroup>
    <Image Include="swagger\favicon-32x32.png">
      <Filter>Swagger</Filter>
    </Image>
    <Image Include="swagger\favicon-16x16.png">
      <Filter>Swagger</Filter>
    </Image>
    <Image Include="public\favicon.png">
      <Filter>Resource Files\Public</Filter>
    </Image>
  </ItemGroup>
</Project>